
Microsoft Visual Studio Solution File, Format Version 12.00
# Visual Studio Version 17
VisualStudioVersion = 17.8.34511.84
MinimumVisualStudioVersion = 10.0.40219.1
Project("{FAE04EC0-301F-11D3-BF4B-00C04F79EFBC}") = "Consumer", "Consumer\Consumer.csproj", "{BECCD753-D1B8-4DB4-9F5C-9A84C161BB4C}"
EndProject
Project("{9A19103F-16F7-4668-BE54-9A1E7A4F7556}") = "Shared", "..\Shared\Shared\Shared.csproj", "{3BEEC9EF-E495-4011-8141-220ECCF9DAAF}"
EndProject
Global
	GlobalSection(SolutionConfigurationPlatforms) = preSolution
		Debug|Any CPU = Debug|Any CPU
		Release|Any CPU = Release|Any CPU
	EndGlobalSection
	GlobalSection(ProjectConfigurationPlatforms) = postSolution
		{BECCD753-D1B8-4DB4-9F5C-9A84C161BB4C}.Debug|Any CPU.ActiveCfg = Debug|Any CPU
		{BECCD753-D1B8-4DB4-9F5C-9A84C161BB4C}.Debug|Any CPU.Build.0 = Debug|Any CPU
		{BECCD753-D1B8-4DB4-9F5C-9A84C161BB4C}.Release|Any CPU.ActiveCfg = Release|Any CPU
		{BECCD753-D1B8-4DB4-9F5C-9A84C161BB4C}.Release|Any CPU.Build.0 = Release|Any CPU
		{3BEEC9EF-E495-4011-8141-220ECCF9DAAF}.Debug|Any CPU.ActiveCfg = Debug|Any CPU
		{3BEEC9EF-E495-4011-8141-220ECCF9DAAF}.Debug|Any CPU.Build.0 = Debug|Any CPU
		{3BEEC9EF-E495-4011-8141-220ECCF9DAAF}.Release|Any CPU.ActiveCfg = Release|Any CPU
		{3BEEC9EF-E495-4011-8141-220ECCF9DAAF}.Release|Any CPU.Build.0 = Release|Any CPU
	EndGlobalSection
	GlobalSection(SolutionProperties) = preSolution
		HideSolutionNode = FALSE
	EndGlobalSection
	GlobalSection(ExtensibilityGlobals) = postSolution
		SolutionGuid = {125CFFD6-0CF8-47EB-A555-BB85C29EB14A}
	EndGlobalSection
EndGlobal
